PODS:
  - Analytics (3.5.5)
  - DATAStack (6.1.2)
  - Mixpanel (3.0.7):
    - Mixpanel/Mixpanel (= 3.0.7)
  - Mixpanel/Mixpanel (3.0.7)
  - NMRangeSlider (1.2.1)
  - SDWebImage (3.8.2):
    - SDWebImage/Core (= 3.8.2)
  - SDWebImage/Core (3.8.2)
  - Segment-Mixpanel (1.1.0):
    - Analytics (~> 3.0)
    - Mixpanel (~> 3.0)

DEPENDENCIES:
  - Analytics
  - DATAStack
  - NMRangeSlider
  - SDWebImage
  - Segment-Mixpanel

SPEC CHECKSUMS:
  Analytics: af1da699765b652112483847ea73ad7c6adbd0e9
  DATAStack: a45fc144e15193f1b22c26b507cc46655ce96a71
  Mixpanel: 73941a60218aaf82aa0faec9c663e67404fdcb03
  NMRangeSlider: 317ded652431eb90501c8421d9cddc3930d891e6
  SDWebImage: 098e97e6176540799c27e804c96653ee0833d13c
  Segment-Mixpanel: 8e9f449c86d929f0e7abb2e89c760e65f5182d6e

PODFILE CHECKSUM: 88e8ce9480ca3ed9d40c9e8977d5ff80d691a439

COCOAPODS: 1.2.0.beta.1
